
Microsoft Visual Studio Solution File, Format Version 12.00
Project("{2150E333-8FDC-42A3-9474-1A3956D46DE8}") = "SolutionItems", "SolutionItems", "{91E5AD39-7402-4D0A-BB0F-9B21C48283F9}"
	ProjectSection(SolutionItems) = preProject
		LICENSE = LICENSE
		README.md = README.md
		.gitignore = .gitignore
		images\logo.png = images\logo.png
		Directory.Packages.props = Directory.Packages.props
		Directory.Build.props = Directory.Build.props
	EndProjectSection
EndProject
Project("{2150E333-8FDC-42A3-9474-1A3956D46DE8}") = "AliFlux", "AliFlux", "{524E5240-2A32-4B31-8329-A6A3CB0ADC5F}"
EndProject
Project("{2150E333-8FDC-42A3-9474-1A3956D46DE8}") = "Renderers", "Renderers", "{E18861F9-FDA0-45AE-92FD-CA6FB4A02E36}"
EndProject
Project("{FAE04EC0-301F-11D3-BF4B-00C04F79EFBC}") = "VexTile.Renderers.Mvt.AliFlux.Tests", "source\AliFlux\VexTile.Renderers.Mvt.AliFlux.Tests\VexTile.Renderers.Mvt.AliFlux.Tests.csproj", "{B1E58241-A026-4DF9-8EC6-7613CC309591}"
EndProject
Project("{FAE04EC0-301F-11D3-BF4B-00C04F79EFBC}") = "VexTile.Renderer.Mvt.AliFlux", "source\AliFlux\VexTile.Renderers.Mvt.AliFlux\VexTile.Renderer.Mvt.AliFlux.csproj", "{8581D51C-7311-41B0-A2C2-AE479F0844AF}"
EndProject
Project("{2150E333-8FDC-42A3-9474-1A3956D46DE8}") = "Mapping", "Mapping", "{B93F42B4-7405-402D-BE86-0940BD932412}"
EndProject
Project("{FAE04EC0-301F-11D3-BF4B-00C04F79EFBC}") = "VexTile.MbTiles.Mvt", "source\Mapping\VexTile.MbTiles.Mvt\VexTile.MbTiles.Mvt.csproj", "{8F525597-1FBA-476F-8FB7-70397910C126}"
EndProject
Project("{FAE04EC0-301F-11D3-BF4B-00C04F79EFBC}") = "VexTile.Common", "source\VexTile.Common\VexTile.Common.csproj", "{802FCE68-9F38-4140-B7B2-FE41B8866888}"
EndProject
Project("{2150E333-8FDC-42A3-9474-1A3956D46DE8}") = "tiles", "tiles", "{7F818319-AA94-4F81-B0F4-68A5D161228C}"
	ProjectSection(SolutionItems) = preProject
		tiles\newyork-mapbox.pbf = tiles\newyork-mapbox.pbf
		tiles\zurich.mbtiles = tiles\zurich.mbtiles
	EndProjectSection
EndProject
Project("{2150E333-8FDC-42A3-9474-1A3956D46DE8}") = "NetTopologySuite", "NetTopologySuite", "{BF228D0D-77BE-4DEF-81C5-F24112AAA5D9}"
EndProject
Project("{FAE04EC0-301F-11D3-BF4B-00C04F79EFBC}") = "VexTile.Renderers.Mvt.Nts", "source\NetTopologySuite\VexTile.Renderers.Mvt.Nts\VexTile.Renderers.Mvt.Nts.csproj", "{B3A0B79A-9637-474A-92E8-914145C4D9C3}"
EndProject
Project("{2150E333-8FDC-42A3-9474-1A3956D46DE8}") = "Common", "Common", "{54D31116-1DB8-453C-AD72-98B2F14F27AE}"
EndProject
Global
	GlobalSection(SolutionConfigurationPlatforms) = preSolution
		Debug|Any CPU = Debug|Any CPU
		Release|Any CPU = Release|Any CPU
	EndGlobalSection
	GlobalSection(NestedProjects) = preSolution
		{524E5240-2A32-4B31-8329-A6A3CB0ADC5F} = {E18861F9-FDA0-45AE-92FD-CA6FB4A02E36}
		{B1E58241-A026-4DF9-8EC6-7613CC309591} = {524E5240-2A32-4B31-8329-A6A3CB0ADC5F}
		{8581D51C-7311-41B0-A2C2-AE479F0844AF} = {524E5240-2A32-4B31-8329-A6A3CB0ADC5F}
		{8F525597-1FBA-476F-8FB7-70397910C126} = {B93F42B4-7405-402D-BE86-0940BD932412}
		{7F818319-AA94-4F81-B0F4-68A5D161228C} = {91E5AD39-7402-4D0A-BB0F-9B21C48283F9}
		{BF228D0D-77BE-4DEF-81C5-F24112AAA5D9} = {E18861F9-FDA0-45AE-92FD-CA6FB4A02E36}
		{B3A0B79A-9637-474A-92E8-914145C4D9C3} = {BF228D0D-77BE-4DEF-81C5-F24112AAA5D9}
		{802FCE68-9F38-4140-B7B2-FE41B8866888} = {54D31116-1DB8-453C-AD72-98B2F14F27AE}
	EndGlobalSection
	GlobalSection(ProjectConfigurationPlatforms) = postSolution
		{B1E58241-A026-4DF9-8EC6-7613CC309591}.Debug|Any CPU.ActiveCfg = Debug|Any CPU
		{B1E58241-A026-4DF9-8EC6-7613CC309591}.Debug|Any CPU.Build.0 = Debug|Any CPU
		{B1E58241-A026-4DF9-8EC6-7613CC309591}.Release|Any CPU.ActiveCfg = Release|Any CPU
		{B1E58241-A026-4DF9-8EC6-7613CC309591}.Release|Any CPU.Build.0 = Release|Any CPU
		{8581D51C-7311-41B0-A2C2-AE479F0844AF}.Debug|Any CPU.ActiveCfg = Debug|Any CPU
		{8581D51C-7311-41B0-A2C2-AE479F0844AF}.Debug|Any CPU.Build.0 = Debug|Any CPU
		{8581D51C-7311-41B0-A2C2-AE479F0844AF}.Release|Any CPU.ActiveCfg = Release|Any CPU
		{8581D51C-7311-41B0-A2C2-AE479F0844AF}.Release|Any CPU.Build.0 = Release|Any CPU
		{8F525597-1FBA-476F-8FB7-70397910C126}.Debug|Any CPU.ActiveCfg = Debug|Any CPU
		{8F525597-1FBA-476F-8FB7-70397910C126}.Debug|Any CPU.Build.0 = Debug|Any CPU
		{8F525597-1FBA-476F-8FB7-70397910C126}.Release|Any CPU.ActiveCfg = Release|Any CPU
		{8F525597-1FBA-476F-8FB7-70397910C126}.Release|Any CPU.Build.0 = Release|Any CPU
		{802FCE68-9F38-4140-B7B2-FE41B8866888}.Debug|Any CPU.ActiveCfg = Debug|Any CPU
		{802FCE68-9F38-4140-B7B2-FE41B8866888}.Debug|Any CPU.Build.0 = Debug|Any CPU
		{802FCE68-9F38-4140-B7B2-FE41B8866888}.Release|Any CPU.ActiveCfg = Release|Any CPU
		{802FCE68-9F38-4140-B7B2-FE41B8866888}.Release|Any CPU.Build.0 = Release|Any CPU
		{B3A0B79A-9637-474A-92E8-914145C4D9C3}.Debug|Any CPU.ActiveCfg = Debug|Any CPU
		{B3A0B79A-9637-474A-92E8-914145C4D9C3}.Debug|Any CPU.Build.0 = Debug|Any CPU
		{B3A0B79A-9637-474A-92E8-914145C4D9C3}.Release|Any CPU.ActiveCfg = Release|Any CPU
		{B3A0B79A-9637-474A-92E8-914145C4D9C3}.Release|Any CPU.Build.0 = Release|Any CPU
	EndGlobalSection
EndGlobal
